
Microsoft Visual Studio Solution File, Format Version 12.00
# Visual Studio 15
VisualStudioVersion = 15.0.28010.2036
MinimumVisualStudioVersion = 10.0.40219.1
Project("{FAE04EC0-301F-11D3-BF4B-00C04F79EFBC}") = "WPFCalculator", "WPFCalculator\WPFCalculator.csproj", "{8643D130-4E4A-404B-8AAE-0836A40C1DDA}"
EndProject
Global
	GlobalSection(SolutionConfigurationPlatforms) = preSolution
		Debug|Any CPU = Debug|Any CPU
		Release|Any CPU = Release|Any CPU
	EndGlobalSection
	GlobalSection(ProjectConfigurationPlatforms) = postSolution
		{8643D130-4E4A-404B-8AAE-0836A40C1DDA}.Debug|Any CPU.ActiveCfg = Debug|Any CPU
		{8643D130-4E4A-404B-8AAE-0836A40C1DDA}.Debug|Any CPU.Build.0 = Debug|Any CPU
		{8643D130-4E4A-404B-8AAE-0836A40C1DDA}.Release|Any CPU.ActiveCfg = Release|Any CPU
		{8643D130-4E4A-404B-8AAE-0836A40C1DDA}.Release|Any CPU.Build.0 = Release|Any CPU
	EndGlobalSection
	GlobalSection(SolutionProperties) = preSolution
		HideSolutionNode = FALSE
	EndGlobalSection
	GlobalSection(ExtensibilityGlobals) = postSolution
		SolutionGuid = {E6AD66F7-82EB-4B23-9599-9F26D73296EE}
	EndGlobalSection
EndGlobal
